
Microsoft Visual Studio Solution File, Format Version 12.00
# Visual Studio 15
VisualStudioVersion = 15.0.26430.13
MinimumVisualStudioVersion = 10.0.40219.1
Project("{FAE04EC0-301F-11D3-BF4B-00C04F79EFBC}") = "Client", "Client\Client.csproj", "{88947F6A-07BB-437A-A95F-8FBCA1A3F242}"
	ProjectSection(ProjectDependencies) = postProject
		{7121F3E1-F4A6-4CE5-AC24-8A08B963C23B} = {7121F3E1-F4A6-4CE5-AC24-8A08B963C23B}
	EndProjectSection
EndProject
Project("{FAE04EC0-301F-11D3-BF4B-00C04F79EFBC}") = "Middleware", "Middleware\Middleware.csproj", "{7121F3E1-F4A6-4CE5-AC24-8A08B963C23B}"
EndProject
Project("{FAE04EC0-301F-11D3-BF4B-00C04F79EFBC}") = "DecodeFileLib", "DecodeFileLib\DecodeFileLib.csproj", "{016C57D9-939A-45DD-AB8C-F200D11B04BF}"
EndProject
Global
	GlobalSection(SolutionConfigurationPlatforms) = preSolution
		Debug|Any CPU = Debug|Any CPU
		Release|Any CPU = Release|Any CPU
	EndGlobalSection
	GlobalSection(ProjectConfigurationPlatforms) = postSolution
		{88947F6A-07BB-437A-A95F-8FBCA1A3F242}.Debug|Any CPU.ActiveCfg = Debug|Any CPU
		{88947F6A-07BB-437A-A95F-8FBCA1A3F242}.Debug|Any CPU.Build.0 = Debug|Any CPU
		{88947F6A-07BB-437A-A95F-8FBCA1A3F242}.Release|Any CPU.ActiveCfg = Release|Any CPU
		{88947F6A-07BB-437A-A95F-8FBCA1A3F242}.Release|Any CPU.Build.0 = Release|Any CPU
		{7121F3E1-F4A6-4CE5-AC24-8A08B963C23B}.Debug|Any CPU.ActiveCfg = Debug|Any CPU
		{7121F3E1-F4A6-4CE5-AC24-8A08B963C23B}.Debug|Any CPU.Build.0 = Debug|Any CPU
		{7121F3E1-F4A6-4CE5-AC24-8A08B963C23B}.Release|Any CPU.ActiveCfg = Release|Any CPU
		{7121F3E1-F4A6-4CE5-AC24-8A08B963C23B}.Release|Any CPU.Build.0 = Release|Any CPU
		{016C57D9-939A-45DD-AB8C-F200D11B04BF}.Debug|Any CPU.ActiveCfg = Debug|Any CPU
		{016C57D9-939A-45DD-AB8C-F200D11B04BF}.Debug|Any CPU.Build.0 = Debug|Any CPU
		{016C57D9-939A-45DD-AB8C-F200D11B04BF}.Release|Any CPU.ActiveCfg = Release|Any CPU
		{016C57D9-939A-45DD-AB8C-F200D11B04BF}.Release|Any CPU.Build.0 = Release|Any CPU
	EndGlobalSection
	GlobalSection(SolutionProperties) = preSolution
		HideSolutionNode = FALSE
	EndGlobalSection
EndGlobal
